
Microsoft Visual Studio Solution File, Format Version 12.00
# Visual Studio 15
VisualStudioVersion = 15.0.28010.2046
MinimumVisualStudioVersion = 10.0.40219.1
Project("{FAE04EC0-301F-11D3-BF4B-00C04F79EFBC}") = "ParcialAlexiMaldonado", "ParcialAlexiMaldonado\ParcialAlexiMaldonado.csproj", "{30CD5899-E299-4CFC-941C-625BBD5CA631}"
EndProject
Global
	GlobalSection(SolutionConfigurationPlatforms) = preSolution
		Debug|Any CPU = Debug|Any CPU
		Release|Any CPU = Release|Any CPU
	EndGlobalSection
	GlobalSection(ProjectConfigurationPlatforms) = postSolution
		{30CD5899-E299-4CFC-941C-625BBD5CA631}.Debug|Any CPU.ActiveCfg = Debug|Any CPU
		{30CD5899-E299-4CFC-941C-625BBD5CA631}.Debug|Any CPU.Build.0 = Debug|Any CPU
		{30CD5899-E299-4CFC-941C-625BBD5CA631}.Release|Any CPU.ActiveCfg = Release|Any CPU
		{30CD5899-E299-4CFC-941C-625BBD5CA631}.Release|Any CPU.Build.0 = Release|Any CPU
	EndGlobalSection
	GlobalSection(SolutionProperties) = preSolution
		HideSolutionNode = FALSE
	EndGlobalSection
	GlobalSection(ExtensibilityGlobals) = postSolution
		SolutionGuid = {DE0EB64C-E992-468A-A2F5-93FE478F82D4}
	EndGlobalSection
EndGlobal
